
Microsoft Visual Studio Solution File, Format Version 12.00
# Visual Studio Version 17
VisualStudioVersion = 17.5.33502.453
MinimumVisualStudioVersion = 10.0.40219.1
Project("{00D1A9C2-B5F0-4AF3-8072-F6C62B433612}") = "DevDBProject", "DevDBProject.sqlproj", "{9B114E10-8F03-4FA2-B31E-9DD6D1B7936B}"
EndProject
Global
	GlobalSection(SolutionConfigurationPlatforms) = preSolution
		Debug|Any CPU = Debug|Any CPU
		Release|Any CPU = Release|Any CPU
	EndGlobalSection
	GlobalSection(ProjectConfigurationPlatforms) = postSolution
		{9B114E10-8F03-4FA2-B31E-9DD6D1B7936B}.Debug|Any CPU.ActiveCfg = Debug|Any CPU
		{9B114E10-8F03-4FA2-B31E-9DD6D1B7936B}.Debug|Any CPU.Build.0 = Debug|Any CPU
		{9B114E10-8F03-4FA2-B31E-9DD6D1B7936B}.Debug|Any CPU.Deploy.0 = Debug|Any CPU
		{9B114E10-8F03-4FA2-B31E-9DD6D1B7936B}.Release|Any CPU.ActiveCfg = Release|Any CPU
		{9B114E10-8F03-4FA2-B31E-9DD6D1B7936B}.Release|Any CPU.Build.0 = Release|Any CPU
		{9B114E10-8F03-4FA2-B31E-9DD6D1B7936B}.Release|Any CPU.Deploy.0 = Release|Any CPU
	EndGlobalSection
	GlobalSection(SolutionProperties) = preSolution
		HideSolutionNode = FALSE
	EndGlobalSection
	GlobalSection(ExtensibilityGlobals) = postSolution
		SolutionGuid = {8AFA68C5-A78D-4955-9B81-C5FC9C4354E6}
	EndGlobalSection
EndGlobal
